// !$*UTF8*$!
{
	archiveVersion = 1;
	classes = {
	};
	objectVersion = 46;
	objects = {

/* Begin PBXBuildFile section */
		A12CE79F1C42396100BF59AA /* AppDelegate.swift in Sources */ = {isa = PBXBuildFile; fileRef = A12CE79E1C42396100BF59AA /* AppDelegate.swift */; };
		A12CE7A11C42396200BF59AA /* ViewController.swift in Sources */ = {isa = PBXBuildFile; fileRef = A12CE7A01C42396200BF59AA /* ViewController.swift */; };
		A12CE7A41C42396200BF59AA /* Main.storyboard in Resources */ = {isa = PBXBuildFile; fileRef = A12CE7A21C42396200BF59AA /* Main.storyboard */; };
		A12CE7A61C42396200BF59AA /* Assets.xcassets in Resources */ = {isa = PBXBuildFile; fileRef = A12CE7A51C42396200BF59AA /* Assets.xcassets */; };
		A12CE7A91C42396200BF59AA /* LaunchScreen.storyboard in Resources */ = {isa = PBXBuildFile; fileRef = A12CE7A71C42396200BF59AA /* LaunchScreen.storyboard */; };
		A12CE7AE1C42396200BF59AA /* WatchKitInteraction WatchKit App.app in Embed Watch Content */ = {isa = PBXBuildFile; fileRef = A12CE7AD1C42396200BF59AA /* WatchKitInteraction WatchKit App.app */; };
		A12CE7B41C42396200BF59AA /* Interface.storyboard in Resources */ = {isa = PBXBuildFile; fileRef = A12CE7B21C42396200BF59AA /* Interface.storyboard */; };
		A12CE7B61C42396200BF59AA /* Assets.xcassets in Resources */ = {isa = PBXBuildFile; fileRef = A12CE7B51C42396200BF59AA /* Assets.xcassets */; };
		A12CE7BD1C42396200BF59AA /* WatchKitInteraction WatchKit Extension.appex in Embed App Extensions */ = {isa = PBXBuildFile; fileRef = A12CE7BC1C42396200BF59AA /* WatchKitInteraction WatchKit Extension.appex */; settings = {ATTRIBUTES = (RemoveHeadersOnCopy, ); }; };
		A12CE7C21C42396200BF59AA /* InterfaceController.swift in Sources */ = {isa = PBXBuildFile; fileRef = A12CE7C11C42396200BF59AA /* InterfaceController.swift */; };
		A12CE7C41C42396200BF59AA /* ExtensionDelegate.swift in Sources */ = {isa = PBXBuildFile; fileRef = A12CE7C31C42396200BF59AA /* ExtensionDelegate.swift */; };
		A12CE7C61C42396200BF59AA /* Assets.xcassets in Resources */ = {isa = PBXBuildFile; fileRef = A12CE7C51C42396200BF59AA /* Assets.xcassets */; };
/* End PBXBuildFile section */

/* Begin PBXContainerItemProxy section */
		A12CE7AF1C42396200BF59AA /* PBXContainerItemProxy */ = {
			isa = PBXContainerItemProxy;
			containerPortal = A12CE7931C42396100BF59AA /* Project object */;
			proxyType = 1;
			remoteGlobalIDString = A12CE7AC1C42396200BF59AA;
			remoteInfo = "WatchKitInteraction WatchKit App";
		};
		A12CE7BE1C42396200BF59AA /* PBXContainerItemProxy */ = {
			isa = PBXContainerItemProxy;
			containerPortal = A12CE7931C42396100BF59AA /* Project object */;
			proxyType = 1;
			remoteGlobalIDString = A12CE7BB1C42396200BF59AA;
			remoteInfo = "WatchKitInteraction WatchKit Extension";
		};
/* End PBXContainerItemProxy section */

/* Begin PBXCopyFilesBuildPhase section */
		A12CE7CD1C42396200BF59AA /* Embed App Extensions */ = {
			isa = PBXCopyFilesBuildPhase;
			buildActionMask = 2147483647;
			dstPath = "";
			dstSubfolderSpec = 13;
			files = (
				A12CE7BD1C42396200BF59AA /* WatchKitInteraction WatchKit Extension.appex in Embed App Extensions */,
			);
			name = "Embed App Extensions";
			runOnlyForDeploymentPostprocessing = 0;
		};
		A12CE7D11C42396200BF59AA /* Embed Watch Content */ = {
			isa = PBXCopyFilesBuildPhase;
			buildActionMask = 2147483647;
			dstPath = "$(CONTENTS_FOLDER_PATH)/Watch";
			dstSubfolderSpec = 16;
			files = (
				A12CE7AE1C42396200BF59AA /* WatchKitInteraction WatchKit App.app in Embed Watch Content */,
			);
			name = "Embed Watch Content";
			runOnlyForDeploymentPostprocessing = 0;
		};
/* End PBXCopyFilesBuildPhase section */

/* Begin PBXFileReference section */
		A12CE79B1C42396100BF59AA /* WatchKitInteraction.app */ = {isa = PBXFileReference; explicitFileType = wrapper.application; includeInIndex = 0; path = WatchKitInteraction.app; sourceTree = BUILT_PRODUCTS_DIR; };
		A12CE79E1C42396100BF59AA /* AppDelegate.swift */ = {isa = PBXFileReference; lastKnownFileType = sourcecode.swift; path = AppDelegate.swift; sourceTree = "<group>"; };
		A12CE7A01C42396200BF59AA /* ViewController.swift */ = {isa = PBXFileReference; lastKnownFileType = sourcecode.swift; path = ViewController.swift; sourceTree = "<group>"; };
		A12CE7A31C42396200BF59AA /* Base */ = {isa = PBXFileReference; lastKnownFileType = file.storyboard; name = Base; path = Base.lproj/Main.storyboard; sourceTree = "<group>"; };
		A12CE7A51C42396200BF59AA /* Assets.xcassets */ = {isa = PBXFileReference; lastKnownFileType = folder.assetcatalog; path = Assets.xcassets; sourceTree = "<group>"; };
		A12CE7A81C42396200BF59AA /* Base */ = {isa = PBXFileReference; lastKnownFileType = file.storyboard; name = Base; path = Base.lproj/LaunchScreen.storyboard; sourceTree = "<group>"; };
		A12CE7AA1C42396200BF59AA /* Info.plist */ = {isa = PBXFileReference; lastKnownFileType = text.plist.xml; path = Info.plist; sourceTree = "<group>"; };
		A12CE7AD1C42396200BF59AA /* WatchKitInteraction WatchKit App.app */ = {isa = PBXFileReference; explicitFileType = wrapper.application; includeInIndex = 0; path = "WatchKitInteraction WatchKit App.app"; sourceTree = BUILT_PRODUCTS_DIR; };
		A12CE7B31C42396200BF59AA /* Base */ = {isa = PBXFileReference; lastKnownFileType = file.storyboard; name = Base; path = Base.lproj/Interface.storyboard; sourceTree = "<group>"; };
		A12CE7B51C42396200BF59AA /* Assets.xcassets */ = {isa = PBXFileReference; lastKnownFileType = folder.assetcatalog; path = Assets.xcassets; sourceTree = "<group>"; };
		A12CE7B71C42396200BF59AA /* Info.plist */ = {isa = PBXFileReference; lastKnownFileType = text.plist.xml; path = Info.plist; sourceTree = "<group>"; };
		A12CE7BC1C42396200BF59AA /* WatchKitInteraction WatchKit Extension.appex */ = {isa = PBXFileReference; explicitFileType = "wrapper.app-extension"; includeInIndex = 0; path = "WatchKitInteraction WatchKit Extension.appex"; sourceTree = BUILT_PRODUCTS_DIR; };
		A12CE7C11C42396200BF59AA /* InterfaceController.swift */ = {isa = PBXFileReference; lastKnownFileType = sourcecode.swift; path = InterfaceController.swift; sourceTree = "<group>"; };
		A12CE7C31C42396200BF59AA /* ExtensionDelegate.swift */ = {isa = PBXFileReference; lastKnownFileType = sourcecode.swift; path = ExtensionDelegate.swift; sourceTree = "<group>"; };
		A12CE7C51C42396200BF59AA /* Assets.xcassets */ = {isa = PBXFileReference; lastKnownFileType = folder.assetcatalog; path = Assets.xcassets; sourceTree = "<group>"; };
		A12CE7C71C42396200BF59AA /* Info.plist */ = {isa = PBXFileReference; lastKnownFileType = text.plist.xml; path = Info.plist; sourceTree = "<group>"; };
/* End PBXFileReference section */

/* Begin PBXFrameworksBuildPhase section */
		A12CE7981C42396100BF59AA /* Frameworks */ = {
			isa = PBXFrameworksBuildPhase;
			buildActionMask = 2147483647;
			files = (
			);
			runOnlyForDeploymentPostprocessing = 0;
		};
		A12CE7B91C42396200BF59AA /* Frameworks */ = {
			isa = PBXFrameworksBuildPhase;
			buildActionMask = 2147483647;
			files = (
			);
			runOnlyForDeploymentPostprocessing = 0;
		};
/* End PBXFrameworksBuildPhase section */

/* Begin PBXGroup section */
		A12CE7921C42396100BF59AA = {
			isa = PBXGroup;
			children = (
				A12CE79D1C42396100BF59AA /* WatchKitInteraction */,
				A12CE7B11C42396200BF59AA /* WatchKitInteraction WatchKit App */,
				A12CE7C01C42396200BF59AA /* WatchKitInteraction WatchKit Extension */,
				A12CE79C1C42396100BF59AA /* Products */,
			);
			sourceTree = "<group>";
		};
		A12CE79C1C42396100BF59AA /* Products */ = {
			isa = PBXGroup;
			children = (
				A12CE79B1C42396100BF59AA /* WatchKitInteraction.app */,
				A12CE7AD1C42396200BF59AA /* WatchKitInteraction WatchKit App.app */,
				A12CE7BC1C42396200BF59AA /* WatchKitInteraction WatchKit Extension.appex */,
			);
			name = Products;
			sourceTree = "<group>";
		};
		A12CE79D1C42396100BF59AA /* WatchKitInteraction */ = {
			isa = PBXGroup;
			children = (
				A12CE79E1C42396100BF59AA /* AppDelegate.swift */,
				A12CE7A01C42396200BF59AA /* ViewController.swift */,
				A12CE7A21C42396200BF59AA /* Main.storyboard */,
				A12CE7A51C42396200BF59AA /* Assets.xcassets */,
				A12CE7A71C42396200BF59AA /* LaunchScreen.storyboard */,
				A12CE7AA1C42396200BF59AA /* Info.plist */,
			);
			path = WatchKitInteraction;
			sourceTree = "<group>";
		};
		A12CE7B11C42396200BF59AA /* WatchKitInteraction WatchKit App */ = {
			isa = PBXGroup;
			children = (
				A12CE7B21C42396200BF59AA /* Interface.storyboard */,
				A12CE7B51C42396200BF59AA /* Assets.xcassets */,
				A12CE7B71C42396200BF59AA /* Info.plist */,
			);
			path = "WatchKitInteraction WatchKit App";
			sourceTree = "<group>";
		};
		A12CE7C01C42396200BF59AA /* WatchKitInteraction WatchKit Extension */ = {
			isa = PBXGroup;
			children = (
				A12CE7C11C42396200BF59AA /* InterfaceController.swift */,
				A12CE7C31C42396200BF59AA /* ExtensionDelegate.swift */,
				A12CE7C51C42396200BF59AA /* Assets.xcassets */,
				A12CE7C71C42396200BF59AA /* Info.plist */,
			);
			path = "WatchKitInteraction WatchKit Extension";
			sourceTree = "<group>";
		};
/* End PBXGroup section */

/* Begin PBXNativeTarget section */
		A12CE79A1C42396100BF59AA /* WatchKitInteraction */ = {
			isa = PBXNativeTarget;
			buildConfigurationList = A12CE7D21C42396200BF59AA /* Build configuration list for PBXNativeTarget "WatchKitInteraction" */;
			buildPhases = (
				A12CE7971C42396100BF59AA /* Sources */,
				A12CE7981C42396100BF59AA /* Frameworks */,
				A12CE7991C42396100BF59AA /* Resources */,
				A12CE7D11C42396200BF59AA /* Embed Watch Content */,
			);
			buildRules = (
			);
			dependencies = (
				A12CE7B01C42396200BF59AA /* PBXTargetDependency */,
			);
			name = WatchKitInteraction;
			productName = WatchKitInteraction;
			productReference = A12CE79B1C42396100BF59AA /* WatchKitInteraction.app */;
			productType = "com.apple.product-type.application";
		};
		A12CE7AC1C42396200BF59AA /* WatchKitInteraction WatchKit App */ = {
			isa = PBXNativeTarget;
			buildConfigurationList = A12CE7CE1C42396200BF59AA /* Build configuration list for PBXNativeTarget "WatchKitInteraction WatchKit App" */;
			buildPhases = (
				A12CE7AB1C42396200BF59AA /* Resources */,
				A12CE7CD1C42396200BF59AA /* Embed App Extensions */,
			);
			buildRules = (
			);
			dependencies = (
				A12CE7BF1C42396200BF59AA /* PBXTargetDependency */,
			);
			name = "WatchKitInteraction WatchKit App";
			productName = "WatchKitInteraction WatchKit App";
			productReference = A12CE7AD1C42396200BF59AA /* WatchKitInteraction WatchKit App.app */;
			productType = "com.apple.product-type.application.watchapp2";
		};
		A12CE7BB1C42396200BF59AA /* WatchKitInteraction WatchKit Extension */ = {
			isa = PBXNativeTarget;
			buildConfigurationList = A12CE7CA1C42396200BF59AA /* Build configuration list for PBXNativeTarget "WatchKitInteraction WatchKit Extension" */;
			buildPhases = (
				A12CE7B81C42396200BF59AA /* Sources */,
				A12CE7B91C42396200BF59AA /* Frameworks */,
				A12CE7BA1C42396200BF59AA /* Resources */,
			);
			buildRules = (
			);
			dependencies = (
			);
			name = "WatchKitInteraction WatchKit Extension";
			productName = "WatchKitInteraction WatchKit Extension";
			productReference = A12CE7BC1C42396200BF59AA /* WatchKitInteraction WatchKit Extension.appex */;
			productType = "com.apple.product-type.watchkit2-extension";
		};
/* End PBXNativeTarget section */

/* Begin PBXProject section */
		A12CE7931C42396100BF59AA /* Project object */ = {
			isa = PBXProject;
			attributes = {
				LastSwiftUpdateCheck = 0720;
				LastUpgradeCheck = 0720;
				ORGANIZATIONNAME = "Vinay Shanbhag";
				TargetAttributes = {
					A12CE79A1C42396100BF59AA = {
						CreatedOnToolsVersion = 7.2;
					};
					A12CE7AC1C42396200BF59AA = {
						CreatedOnToolsVersion = 7.2;
					};
					A12CE7BB1C42396200BF59AA = {
						CreatedOnToolsVersion = 7.2;
					};
				};
			};
			buildConfigurationList = A12CE7961C42396100BF59AA /* Build configuration list for PBXProject "WatchKitInteraction" */;
			compatibilityVersion = "Xcode 3.2";
			developmentRegion = English;
			hasScannedForEncodings = 0;
			knownRegions = (
				en,
				Base,
			);
			mainGroup = A12CE7921C42396100BF59AA;
			productRefGroup = A12CE79C1C42396100BF59AA /* Products */;
			projectDirPath = "";
			projectRoot = "";
			targets = (
				A12CE79A1C42396100BF59AA /* WatchKitInteraction */,
				A12CE7AC1C42396200BF59AA /* WatchKitInteraction WatchKit App */,
				A12CE7BB1C42396200BF59AA /* WatchKitInteraction WatchKit Extension */,
			);
		};
/* End PBXProject section */

/* Begin PBXResourcesBuildPhase section */
		A12CE7991C42396100BF59AA /* Resources */ = {
			isa = PBXResourcesBuildPhase;
			buildActionMask = 2147483647;
			files = (
				A12CE7A91C42396200BF59AA /* LaunchScreen.storyboard in Resources */,
				A12CE7A61C42396200BF59AA /* Assets.xcassets in Resources */,
				A12CE7A41C42396200BF59AA /* Main.storyboard in Resources */,
			);
			runOnlyForDeploymentPostprocessing = 0;
		};
		A12CE7AB1C42396200BF59AA /* Resources */ = {
			isa = PBXResourcesBuildPhase;
			buildActionMask = 2147483647;
			files = (
				A12CE7B61C42396200BF59AA /* Assets.xcassets in Resources */,
				A12CE7B41C42396200BF59AA /* Interface.storyboard in Resources */,
			);
			runOnlyForDeploymentPostprocessing = 0;
		};
		A12CE7BA1C42396200BF59AA /* Resources */ = {
			isa = PBXResourcesBuildPhase;
			buildActionMask = 2147483647;
			files = (
				A12CE7C61C42396200BF59AA /* Assets.xcassets in Resources */,
			);
			runOnlyForDeploymentPostprocessing = 0;
		};
/* End PBXResourcesBuildPhase section */

/* Begin PBXSourcesBuildPhase section */
		A12CE7971C42396100BF59AA /* Sources */ = {
			isa = PBXSourcesBuildPhase;
			buildActionMask = 2147483647;
			files = (
				A12CE7A11C42396200BF59AA /* ViewController.swift in Sources */,
				A12CE79F1C42396100BF59AA /* AppDelegate.swift in Sources */,
			);
			runOnlyForDeploymentPostprocessing = 0;
		};
		A12CE7B81C42396200BF59AA /* Sources */ = {
			isa = PBXSourcesBuildPhase;
			buildActionMask = 2147483647;
			files = (
				A12CE7C41C42396200BF59AA /* ExtensionDelegate.swift in Sources */,
				A12CE7C21C42396200BF59AA /* InterfaceController.swift in Sources */,
			);
			runOnlyForDeploymentPostprocessing = 0;
		};
/* End PBXSourcesBuildPhase section */

/* Begin PBXTargetDependency section */
		A12CE7B01C42396200BF59AA /* PBXTargetDependency */ = {
			isa = PBXTargetDependency;
			target = A12CE7AC1C42396200BF59AA /* WatchKitInteraction WatchKit App */;
			targetProxy = A12CE7AF1C42396200BF59AA /* PBXContainerItemProxy */;
		};
		A12CE7BF1C42396200BF59AA /* PBXTargetDependency */ = {
			isa = PBXTargetDependency;
			target = A12CE7BB1C42396200BF59AA /* WatchKitInteraction WatchKit Extension */;
			targetProxy = A12CE7BE1C42396200BF59AA /* PBXContainerItemProxy */;
		};
/* End PBXTargetDependency section */

/* Begin PBXVariantGroup section */
		A12CE7A21C42396200BF59AA /* Main.storyboard */ = {
			isa = PBXVariantGroup;
			children = (
				A12CE7A31C42396200BF59AA /* Base */,
			);
			name = Main.storyboard;
			sourceTree = "<group>";
		};
		A12CE7A71C42396200BF59AA /* LaunchScreen.storyboard */ = {
			isa = PBXVariantGroup;
			children = (
				A12CE7A81C42396200BF59AA /* Base */,
			);
			name = LaunchScreen.storyboard;
			sourceTree = "<group>";
		};
		A12CE7B21C42396200BF59AA /* Interface.storyboard */ = {
			isa = PBXVariantGroup;
			children = (
				A12CE7B31C42396200BF59AA /* Base */,
			);
			name = Interface.storyboard;
			sourceTree = "<group>";
		};
/* End PBXVariantGroup section */

/* Begin XCBuildConfiguration section */
		A12CE7C81C42396200BF59AA /* Debug */ = {
			isa = XCBuildConfiguration;
			buildSettings = {
				ALWAYS_SEARCH_USER_PATHS = NO;
				CLANG_CXX_LANGUAGE_STANDARD = "gnu++0x";
				CLANG_CXX_LIBRARY = "libc++";
				CLANG_ENABLE_MODULES = YES;
				CLANG_ENABLE_OBJC_ARC = YES;
				CLANG_WARN_BOOL_CONVERSION = YES;
				CLANG_WARN_CONSTANT_CONVERSION = YES;
				CLANG_WARN_DIRECT_OBJC_ISA_USAGE = YES_ERROR;
				CLANG_WARN_EMPTY_BODY = YES;
				CLANG_WARN_ENUM_CONVERSION = YES;
				CLANG_WARN_INT_CONVERSION = YES;
				CLANG_WARN_OBJC_ROOT_CLASS = YES_ERROR;
				CLANG_WARN_UNREACHABLE_CODE = YES;
				CLANG_WARN__DUPLICATE_METHOD_MATCH = YES;
				"CODE_SIGN_IDENTITY[sdk=iphoneos*]" = "iPhone Developer";
				COPY_PHASE_STRIP = NO;
				DEBUG_INFORMATION_FORMAT = dwarf;
				ENABLE_STRICT_OBJC_MSGSEND = YES;
				ENABLE_TESTABILITY = YES;
				GCC_C_LANGUAGE_STANDARD = gnu99;
				GCC_DYNAMIC_NO_PIC = NO;
				GCC_NO_COMMON_BLOCKS = YES;
				GCC_OPTIMIZATION_LEVEL = 0;
				GCC_PREPROCESSOR_DEFINITIONS = (
					"DEBUG=1",
					"$(inherited)",
				);
				GCC_WARN_64_TO_32_BIT_CONVERSION = YES;
				GCC_WARN_ABOUT_RETURN_TYPE = YES_ERROR;
				GCC_WARN_UNDECLARED_SELECTOR = YES;
				GCC_WARN_UNINITIALIZED_AUTOS = YES_AGGRESSIVE;
				GCC_WARN_UNUSED_FUNCTION = YES;
				GCC_WARN_UNUSED_VARIABLE = YES;
				IPHONEOS_DEPLOYMENT_TARGET = 9.2;
				MTL_ENABLE_DEBUG_INFO = YES;
				ONLY_ACTIVE_ARCH = YES;
				SDKROOT = iphoneos;
				SWIFT_OPTIMIZATION_LEVEL = "-Onone";
				TARGETED_DEVICE_FAMILY = "1,2";
			};
			name = Debug;
		};
		A12CE7C91C42396200BF59AA /* Release */ = {
			isa = XCBuildConfiguration;
			buildSettings = {
				ALWAYS_SEARCH_USER_PATHS = NO;
				CLANG_CXX_LANGUAGE_STANDARD = "gnu++0x";
				CLANG_CXX_LIBRARY = "libc++";
				CLANG_ENABLE_MODULES = YES;
				CLANG_ENABLE_OBJC_ARC = YES;
				CLANG_WARN_BOOL_CONVERSION = YES;
				CLANG_WARN_CONSTANT_CONVERSION = YES;
				CLANG_WARN_DIRECT_OBJC_ISA_USAGE = YES_ERROR;
				CLANG_WARN_EMPTY_BODY = YES;
				CLANG_WARN_ENUM_CONVERSION = YES;
				CLANG_WARN_INT_CONVERSION = YES;
				CLANG_WARN_OBJC_ROOT_CLASS = YES_ERROR;
				CLANG_WARN_UNREACHABLE_CODE = YES;
				CLANG_WARN__DUPLICATE_METHOD_MATCH = YES;
				"CODE_SIGN_IDENTITY[sdk=iphoneos*]" = "iPhone Developer";
				COPY_PHASE_STRIP = NO;
				DEBUG_INFORMATION_FORMAT = "dwarf-with-dsym";
				ENABLE_NS_ASSERTIONS = NO;
				ENABLE_STRICT_OBJC_MSGSEND = YES;
				GCC_C_LANGUAGE_STANDARD = gnu99;
				GCC_NO_COMMON_BLOCKS = YES;
				GCC_WARN_64_TO_32_BIT_CONVERSION = YES;
				GCC_WARN_ABOUT_RETURN_TYPE = YES_ERROR;
				GCC_WARN_UNDECLARED_SELECTOR = YES;
				GCC_WARN_UNINITIALIZED_AUTOS = YES_AGGRESSIVE;
				GCC_WARN_UNUSED_FUNCTION = YES;
				GCC_WARN_UNUSED_VARIABLE = YES;
				IPHONEOS_DEPLOYMENT_TARGET = 9.2;
				MTL_ENABLE_DEBUG_INFO = NO;
				SDKROOT = iphoneos;
				TARGETED_DEVICE_FAMILY = "1,2";
				VALIDATE_PRODUCT = YES;
			};
			name = Release;
		};
		A12CE7CB1C42396200BF59AA /* Debug */ = {
			isa = XCBuildConfiguration;
			buildSettings = {
				INFOPLIST_FILE = "WatchKitInteraction WatchKit Extension/Info.plist";
				LD_RUNPATH_SEARCH_PATHS = "$(inherited) @executable_path/Frameworks @executable_path/../../Frameworks";
				PRODUCT_BUNDLE_IDENTIFIER = vinay.shanbhag.WatchKitInteraction.watchkitapp.watchkitextension;
				PRODUCT_NAME = "${TARGET_NAME}";
				SDKROOT = watchos;
				SKIP_INSTALL = YES;
				TARGETED_DEVICE_FAMILY = 4;
				WATCHOS_DEPLOYMENT_TARGET = 2.1;
			};
			name = Debug;
		};
		A12CE7CC1C42396200BF59AA /* Release */ = {
			isa = XCBuildConfiguration;
			buildSettings = {
				INFOPLIST_FILE = "WatchKitInteraction WatchKit Extension/Info.plist";
				LD_RUNPATH_SEARCH_PATHS = "$(inherited) @executable_path/Frameworks @executable_path/../../Frameworks";
				PRODUCT_BUNDLE_IDENTIFIER = vinay.shanbhag.WatchKitInteraction.watchkitapp.watchkitextension;
				PRODUCT_NAME = "${TARGET_NAME}";
				SDKROOT = watchos;
				SKIP_INSTALL = YES;
				TARGETED_DEVICE_FAMILY = 4;
				WATCHOS_DEPLOYMENT_TARGET = 2.1;
			};
			name = Release;
		};
		A12CE7CF1C42396200BF59AA /* Debug */ = {
			isa = XCBuildConfiguration;
			buildSettings = {
				ASSETCATALOG_COMPILER_APPICON_NAME = AppIcon;
				EMBEDDED_CONTENT_CONTAINS_SWIFT = YES;
				IBSC_MODULE = WatchKitInteraction_WatchKit_Extension;
				INFOPLIST_FILE = "WatchKitInteraction WatchKit App/Info.plist";
				PRODUCT_BUNDLE_IDENTIFIER = vinay.shanbhag.WatchKitInteraction.watchkitapp;
				PRODUCT_NAME = "$(TARGET_NAME)";
				SDKROOT = watchos;
				SKIP_INSTALL = YES;
				TARGETED_DEVICE_FAMILY = 4;
				WATCHOS_DEPLOYMENT_TARGET = 2.1;
			};
			name = Debug;
		};
		A12CE7D01C42396200BF59AA /* Release */ = {
			isa = XCBuildConfiguration;
			buildSettings = {
				ASSETCATALOG_COMPILER_APPICON_NAME = AppIcon;
				EMBEDDED_CONTENT_CONTAINS_SWIFT = YES;
				IBSC_MODULE = WatchKitInteraction_WatchKit_Extension;
				INFOPLIST_FILE = "WatchKitInteraction WatchKit App/Info.plist";
				PRODUCT_BUNDLE_IDENTIFIER = vinay.shanbhag.WatchKitInteraction.watchkitapp;
				PRODUCT_NAME = "$(TARGET_NAME)";
				SDKROOT = watchos;
				SKIP_INSTALL = YES;
				TARGETED_DEVICE_FAMILY = 4;
				WATCHOS_DEPLOYMENT_TARGET = 2.1;
			};
			name = Release;
		};
		A12CE7D31C42396200BF59AA /* Debug */ = {
			isa = XCBuildConfiguration;
			buildSettings = {
				ASSETCATALOG_COMPILER_APPICON_NAME = AppIcon;
				INFOPLIST_FILE = WatchKitInteraction/Info.plist;
				LD_RUNPATH_SEARCH_PATHS = "$(inherited) @executable_path/Frameworks";
				PRODUCT_BUNDLE_IDENTIFIER = vinay.shanbhag.WatchKitInteraction;
				PRODUCT_NAME = "$(TARGET_NAME)";
			};
			name = Debug;
		};
		A12CE7D41C42396200BF59AA /* Release */ = {
			isa = XCBuildConfiguration;
			buildSettings = {
				ASSETCATALOG_COMPILER_APPICON_NAME = AppIcon;
				INFOPLIST_FILE = WatchKitInteraction/Info.plist;
				LD_RUNPATH_SEARCH_PATHS = "$(inherited) @executable_path/Frameworks";
				PRODUCT_BUNDLE_IDENTIFIER = vinay.shanbhag.WatchKitInteraction;
				PRODUCT_NAME = "$(TARGET_NAME)";
			};
			name = Release;
		};
/* End XCBuildConfiguration section */

/* Begin XCConfigurationList section */
		A12CE7961C42396100BF59AA /* Build configuration list for PBXProject "WatchKitInteraction" */ = {
			isa = XCConfigurationList;
			buildConfigurations = (
				A12CE7C81C42396200BF59AA /* Debug */,
				A12CE7C91C42396200BF59AA /* Release */,
			);
			defaultConfigurationIsVisible = 0;
			defaultConfigurationName = Release;
		};
		A12CE7CA1C42396200BF59AA /* Build configuration list for PBXNativeTarget "WatchKitInteraction WatchKit Extension" */ = {
			isa = XCConfigurationList;
			buildConfigurations = (
				A12CE7CB1C42396200BF59AA /* Debug */,
				A12CE7CC1C42396200BF59AA /* Release */,
			);
			defaultConfigurationIsVisible = 0;
		};
		A12CE7CE1C42396200BF59AA /* Build configuration list for PBXNativeTarget "WatchKitInteraction WatchKit App" */ = {
			isa = XCConfigurationList;
			buildConfigurations = (
				A12CE7CF1C42396200BF59AA /* Debug */,
				A12CE7D01C42396200BF59AA /* Release */,
			);
			defaultConfigurationIsVisible = 0;
		};
		A12CE7D21C42396200BF59AA /* Build configuration list for PBXNativeTarget "WatchKitInteraction" */ = {
			isa = XCConfigurationList;
			buildConfigurations = (
				A12CE7D31C42396200BF59AA /* Debug */,
				A12CE7D41C42396200BF59AA /* Release */,
			);
			defaultConfigurationIsVisible = 0;
		};
/* End XCConfigurationList section */
	};
	rootObject = A12CE7931C42396100BF59AA /* Project object */;
}
